
Microsoft Visual Studio Solution File, Format Version 12.00
# Visual Studio Version 17
VisualStudioVersion = 17.4.33205.214
MinimumVisualStudioVersion = 10.0.40219.1
Project("{9A19103F-16F7-4668-BE54-9A1E7A4F7556}") = "Bitub.Xbim.Ifc", "Bitub.Xbim.Ifc\Bitub.Xbim.Ifc.csproj", "{31C77FF4-650A-4527-A2DE-68C4814076D7}"
EndProject
Project("{9A19103F-16F7-4668-BE54-9A1E7A4F7556}") = "Bitub.Xbim.Ifc.Tests", "Bitub.Xbim.Ifc.Tests\Bitub.Xbim.Ifc.Tests.csproj", "{132FECE7-926B-44D3-9977-7FA6D9C2C8A9}"
EndProject
Project("{9A19103F-16F7-4668-BE54-9A1E7A4F7556}") = "Bitub.Xbim.Speckle", "Bitub.Xbim.Speckle\Bitub.Xbim.Speckle.csproj", "{AAA811F6-9161-4BA1-B0D7-3688F5651058}"
EndProject
Project("{FAE04EC0-301F-11D3-BF4B-00C04F79EFBC}") = "Bitub.Xbim.Ifc.Occt", "Bitub.Xbim.Ifc.Occt\Bitub.Xbim.Ifc.Occt.csproj", "{AD7B036D-EA16-4872-A0BD-43C117EA5930}"
EndProject
Project("{2150E333-8FDC-42A3-9474-1A3956D46DE8}") = "Solution Items", "Solution Items", "{869A8CE0-64C6-42DF-8FDE-DD6A47FF472C}"
	ProjectSection(SolutionItems) = preProject
		azure-pipelines.yml = azure-pipelines.yml
		BitubXbimTRex.runsettings = BitubXbimTRex.runsettings
		Directory.Build.props = Directory.Build.props
		LICENSE = LICENSE
		README.md = README.md
	EndProjectSection
EndProject
Global
	GlobalSection(SolutionConfigurationPlatforms) = preSolution
		Debug|Any CPU = Debug|Any CPU
		Debug|x64 = Debug|x64
		Dev|Any CPU = Dev|Any CPU
		Dev|x64 = Dev|x64
		Release|Any CPU = Release|Any CPU
		Release|x64 = Release|x64
		Test|Any CPU = Test|Any CPU
		Test|x64 = Test|x64
		XbimDev|Any CPU = XbimDev|Any CPU
		XbimDev|x64 = XbimDev|x64
	EndGlobalSection
	GlobalSection(ProjectConfigurationPlatforms) = postSolution
		{31C77FF4-650A-4527-A2DE-68C4814076D7}.Debug|Any CPU.ActiveCfg = Debug|Any CPU
		{31C77FF4-650A-4527-A2DE-68C4814076D7}.Debug|Any CPU.Build.0 = Debug|Any CPU
		{31C77FF4-650A-4527-A2DE-68C4814076D7}.Debug|x64.ActiveCfg = Debug|x64
		{31C77FF4-650A-4527-A2DE-68C4814076D7}.Debug|x64.Build.0 = Debug|x64
		{31C77FF4-650A-4527-A2DE-68C4814076D7}.Dev|Any CPU.ActiveCfg = Dev|Any CPU
		{31C77FF4-650A-4527-A2DE-68C4814076D7}.Dev|Any CPU.Build.0 = Dev|Any CPU
		{31C77FF4-650A-4527-A2DE-68C4814076D7}.Dev|x64.ActiveCfg = Dev|x64
		{31C77FF4-650A-4527-A2DE-68C4814076D7}.Dev|x64.Build.0 = Dev|x64
		{31C77FF4-650A-4527-A2DE-68C4814076D7}.Release|Any CPU.ActiveCfg = Release|Any CPU
		{31C77FF4-650A-4527-A2DE-68C4814076D7}.Release|Any CPU.Build.0 = Release|Any CPU
		{31C77FF4-650A-4527-A2DE-68C4814076D7}.Release|x64.ActiveCfg = Release|x64
		{31C77FF4-650A-4527-A2DE-68C4814076D7}.Release|x64.Build.0 = Release|x64
		{31C77FF4-650A-4527-A2DE-68C4814076D7}.Test|Any CPU.ActiveCfg = Test|Any CPU
		{31C77FF4-650A-4527-A2DE-68C4814076D7}.Test|Any CPU.Build.0 = Test|Any CPU
		{31C77FF4-650A-4527-A2DE-68C4814076D7}.Test|x64.ActiveCfg = Test|x64
		{31C77FF4-650A-4527-A2DE-68C4814076D7}.Test|x64.Build.0 = Test|x64
		{31C77FF4-650A-4527-A2DE-68C4814076D7}.XbimDev|Any CPU.ActiveCfg = XbimDev|Any CPU
		{31C77FF4-650A-4527-A2DE-68C4814076D7}.XbimDev|Any CPU.Build.0 = XbimDev|Any CPU
		{31C77FF4-650A-4527-A2DE-68C4814076D7}.XbimDev|x64.ActiveCfg = XbimDev|x64
		{31C77FF4-650A-4527-A2DE-68C4814076D7}.XbimDev|x64.Build.0 = XbimDev|x64
		{132FECE7-926B-44D3-9977-7FA6D9C2C8A9}.Debug|Any CPU.ActiveCfg = Debug|Any CPU
		{132FECE7-926B-44D3-9977-7FA6D9C2C8A9}.Debug|Any CPU.Build.0 = Debug|Any CPU
		{132FECE7-926B-44D3-9977-7FA6D9C2C8A9}.Debug|x64.ActiveCfg = Debug|x64
		{132FECE7-926B-44D3-9977-7FA6D9C2C8A9}.Debug|x64.Build.0 = Debug|x64
		{132FECE7-926B-44D3-9977-7FA6D9C2C8A9}.Dev|Any CPU.ActiveCfg = Dev|Any CPU
		{132FECE7-926B-44D3-9977-7FA6D9C2C8A9}.Dev|Any CPU.Build.0 = Dev|Any CPU
		{132FECE7-926B-44D3-9977-7FA6D9C2C8A9}.Dev|x64.ActiveCfg = Dev|x64
		{132FECE7-926B-44D3-9977-7FA6D9C2C8A9}.Dev|x64.Build.0 = Dev|x64
		{132FECE7-926B-44D3-9977-7FA6D9C2C8A9}.Release|Any CPU.ActiveCfg = Release|Any CPU
		{132FECE7-926B-44D3-9977-7FA6D9C2C8A9}.Release|Any CPU.Build.0 = Release|Any CPU
		{132FECE7-926B-44D3-9977-7FA6D9C2C8A9}.Release|x64.ActiveCfg = Release|x64
		{132FECE7-926B-44D3-9977-7FA6D9C2C8A9}.Release|x64.Build.0 = Release|x64
		{132FECE7-926B-44D3-9977-7FA6D9C2C8A9}.Test|Any CPU.ActiveCfg = Test|Any CPU
		{132FECE7-926B-44D3-9977-7FA6D9C2C8A9}.Test|Any CPU.Build.0 = Test|Any CPU
		{132FECE7-926B-44D3-9977-7FA6D9C2C8A9}.Test|x64.ActiveCfg = Test|x64
		{132FECE7-926B-44D3-9977-7FA6D9C2C8A9}.Test|x64.Build.0 = Test|x64
		{132FECE7-926B-44D3-9977-7FA6D9C2C8A9}.XbimDev|Any CPU.ActiveCfg = XbimDev|Any CPU
		{132FECE7-926B-44D3-9977-7FA6D9C2C8A9}.XbimDev|Any CPU.Build.0 = XbimDev|Any CPU
		{132FECE7-926B-44D3-9977-7FA6D9C2C8A9}.XbimDev|x64.ActiveCfg = XbimDev|x64
		{132FECE7-926B-44D3-9977-7FA6D9C2C8A9}.XbimDev|x64.Build.0 = XbimDev|x64
		{AAA811F6-9161-4BA1-B0D7-3688F5651058}.Debug|Any CPU.ActiveCfg = Debug|Any CPU
		{AAA811F6-9161-4BA1-B0D7-3688F5651058}.Debug|Any CPU.Build.0 = Debug|Any CPU
		{AAA811F6-9161-4BA1-B0D7-3688F5651058}.Debug|x64.ActiveCfg = Debug|x64
		{AAA811F6-9161-4BA1-B0D7-3688F5651058}.Debug|x64.Build.0 = Debug|x64
		{AAA811F6-9161-4BA1-B0D7-3688F5651058}.Dev|Any CPU.ActiveCfg = Debug|Any CPU
		{AAA811F6-9161-4BA1-B0D7-3688F5651058}.Dev|Any CPU.Build.0 = Debug|Any CPU
		{AAA811F6-9161-4BA1-B0D7-3688F5651058}.Dev|x64.ActiveCfg = Dev|x64
		{AAA811F6-9161-4BA1-B0D7-3688F5651058}.Dev|x64.Build.0 = Dev|x64
		{AAA811F6-9161-4BA1-B0D7-3688F5651058}.Release|Any CPU.ActiveCfg = Release|Any CPU
		{AAA811F6-9161-4BA1-B0D7-3688F5651058}.Release|Any CPU.Build.0 = Release|Any CPU
		{AAA811F6-9161-4BA1-B0D7-3688F5651058}.Release|x64.ActiveCfg = Release|x64
		{AAA811F6-9161-4BA1-B0D7-3688F5651058}.Release|x64.Build.0 = Release|x64
		{AAA811F6-9161-4BA1-B0D7-3688F5651058}.Test|Any CPU.ActiveCfg = Debug|Any CPU
		{AAA811F6-9161-4BA1-B0D7-3688F5651058}.Test|Any CPU.Build.0 = Debug|Any CPU
		{AAA811F6-9161-4BA1-B0D7-3688F5651058}.Test|x64.ActiveCfg = Test|x64
		{AAA811F6-9161-4BA1-B0D7-3688F5651058}.Test|x64.Build.0 = Test|x64
		{AAA811F6-9161-4BA1-B0D7-3688F5651058}.XbimDev|Any CPU.ActiveCfg = XbimDev|Any CPU
		{AAA811F6-9161-4BA1-B0D7-3688F5651058}.XbimDev|Any CPU.Build.0 = XbimDev|Any CPU
		{AAA811F6-9161-4BA1-B0D7-3688F5651058}.XbimDev|x64.ActiveCfg = XbimDev|x64
		{AAA811F6-9161-4BA1-B0D7-3688F5651058}.XbimDev|x64.Build.0 = XbimDev|x64
		{AD7B036D-EA16-4872-A0BD-43C117EA5930}.Debug|Any CPU.ActiveCfg = Debug|Any CPU
		{AD7B036D-EA16-4872-A0BD-43C117EA5930}.Debug|Any CPU.Build.0 = Debug|Any CPU
		{AD7B036D-EA16-4872-A0BD-43C117EA5930}.Debug|x64.ActiveCfg = Debug|x64
		{AD7B036D-EA16-4872-A0BD-43C117EA5930}.Debug|x64.Build.0 = Debug|x64
		{AD7B036D-EA16-4872-A0BD-43C117EA5930}.Dev|Any CPU.ActiveCfg = Dev|Any CPU
		{AD7B036D-EA16-4872-A0BD-43C117EA5930}.Dev|Any CPU.Build.0 = Dev|Any CPU
		{AD7B036D-EA16-4872-A0BD-43C117EA5930}.Dev|x64.ActiveCfg = Dev|x64
		{AD7B036D-EA16-4872-A0BD-43C117EA5930}.Dev|x64.Build.0 = Dev|x64
		{AD7B036D-EA16-4872-A0BD-43C117EA5930}.Release|Any CPU.ActiveCfg = Release|Any CPU
		{AD7B036D-EA16-4872-A0BD-43C117EA5930}.Release|Any CPU.Build.0 = Release|Any CPU
		{AD7B036D-EA16-4872-A0BD-43C117EA5930}.Release|x64.ActiveCfg = Release|x64
		{AD7B036D-EA16-4872-A0BD-43C117EA5930}.Release|x64.Build.0 = Release|x64
		{AD7B036D-EA16-4872-A0BD-43C117EA5930}.Test|Any CPU.ActiveCfg = Test|Any CPU
		{AD7B036D-EA16-4872-A0BD-43C117EA5930}.Test|Any CPU.Build.0 = Test|Any CPU
		{AD7B036D-EA16-4872-A0BD-43C117EA5930}.Test|x64.ActiveCfg = Test|x64
		{AD7B036D-EA16-4872-A0BD-43C117EA5930}.Test|x64.Build.0 = Test|x64
		{AD7B036D-EA16-4872-A0BD-43C117EA5930}.XbimDev|Any CPU.ActiveCfg = XbimDev|Any CPU
		{AD7B036D-EA16-4872-A0BD-43C117EA5930}.XbimDev|Any CPU.Build.0 = XbimDev|Any CPU
		{AD7B036D-EA16-4872-A0BD-43C117EA5930}.XbimDev|x64.ActiveCfg = XbimDev|x64
		{AD7B036D-EA16-4872-A0BD-43C117EA5930}.XbimDev|x64.Build.0 = XbimDev|x64
	EndGlobalSection
	GlobalSection(SolutionProperties) = preSolution
		HideSolutionNode = FALSE
	EndGlobalSection
	GlobalSection(ExtensibilityGlobals) = postSolution
		SolutionGuid = {A223F91D-C969-4864-B4A7-BA68F6FFB454}
	EndGlobalSection
EndGlobal
